// !$*UTF8*$!
{
	archiveVersion = 1;
	classes = {
	};
	objectVersion = 46;
	objects = {

/* Begin PBXBuildFile section */
		F57CABD81D26906B007201A2 /* AppDelegate.swift in Sources */ = {isa = PBXBuildFile; fileRef = F57CABD71D26906B007201A2 /* AppDelegate.swift */; };
		F57CABDA1D26906B007201A2 /* ViewController.swift in Sources */ = {isa = PBXBuildFile; fileRef = F57CABD91D26906B007201A2 /* ViewController.swift */; };
		F57CABDD1D26906C007201A2 /* Main.storyboard in Resources */ = {isa = PBXBuildFile; fileRef = F57CABDB1D26906C007201A2 /* Main.storyboard */; };
		F57CABDF1D26906C007201A2 /* Assets.xcassets in Resources */ = {isa = PBXBuildFile; fileRef = F57CABDE1D26906C007201A2 /* Assets.xcassets */; };
		F57CABE21D26906C007201A2 /* LaunchScreen.storyboard in Resources */ = {isa = PBXBuildFile; fileRef = F57CABE01D26906C007201A2 /* LaunchScreen.storyboard */; };
		F57CABED1D26906C007201A2 /* Fight_Tests.swift in Sources */ = {isa = PBXBuildFile; fileRef = F57CABEC1D26906C007201A2 /* Fight_Tests.swift */; };
		F57CABF81D26906C007201A2 /* Fight_UITests.swift in Sources */ = {isa = PBXBuildFile; fileRef = F57CABF71D26906C007201A2 /* Fight_UITests.swift */; };
/* End PBXBuildFile section */

/* Begin PBXContainerItemProxy section */
		F57CABE91D26906C007201A2 /* PBXContainerItemProxy */ = {
			isa = PBXContainerItemProxy;
			containerPortal = F57CABCC1D26906B007201A2 /* Project object */;
			proxyType = 1;
			remoteGlobalIDString = F57CABD31D26906B007201A2;
			remoteInfo = "Fight!";
		};
		F57CABF41D26906C007201A2 /* PBXContainerItemProxy */ = {
			isa = PBXContainerItemProxy;
			containerPortal = F57CABCC1D26906B007201A2 /* Project object */;
			proxyType = 1;
			remoteGlobalIDString = F57CABD31D26906B007201A2;
			remoteInfo = "Fight!";
		};
/* End PBXContainerItemProxy section */

/* Begin PBXFileReference section */
		F57CABD41D26906B007201A2 /* Fight!.app */ = {isa = PBXFileReference; explicitFileType = wrapper.application; includeInIndex = 0; path = "Fight!.app"; sourceTree = BUILT_PRODUCTS_DIR; };
		F57CABD71D26906B007201A2 /* AppDelegate.swift */ = {isa = PBXFileReference; lastKnownFileType = sourcecode.swift; path = AppDelegate.swift; sourceTree = "<group>"; };
		F57CABD91D26906B007201A2 /* ViewController.swift */ = {isa = PBXFileReference; lastKnownFileType = sourcecode.swift; path = ViewController.swift; sourceTree = "<group>"; };
		F57CABDC1D26906C007201A2 /* Base */ = {isa = PBXFileReference; lastKnownFileType = file.storyboard; name = Base; path = Base.lproj/Main.storyboard; sourceTree = "<group>"; };
		F57CABDE1D26906C007201A2 /* Assets.xcassets */ = {isa = PBXFileReference; lastKnownFileType = folder.assetcatalog; path = Assets.xcassets; sourceTree = "<group>"; };
		F57CABE11D26906C007201A2 /* Base */ = {isa = PBXFileReference; lastKnownFileType = file.storyboard; name = Base; path = Base.lproj/LaunchScreen.storyboard; sourceTree = "<group>"; };
		F57CABE31D26906C007201A2 /* Info.plist */ = {isa = PBXFileReference; lastKnownFileType = text.plist.xml; path = Info.plist; sourceTree = "<group>"; };
		F57CABE81D26906C007201A2 /* Fight!Tests.xctest */ = {isa = PBXFileReference; explicitFileType = wrapper.cfbundle; includeInIndex = 0; path = "Fight!Tests.xctest"; sourceTree = BUILT_PRODUCTS_DIR; };
		F57CABEC1D26906C007201A2 /* Fight_Tests.swift */ = {isa = PBXFileReference; lastKnownFileType = sourcecode.swift; path = Fight_Tests.swift; sourceTree = "<group>"; };
		F57CABEE1D26906C007201A2 /* Info.plist */ = {isa = PBXFileReference; lastKnownFileType = text.plist.xml; path = Info.plist; sourceTree = "<group>"; };
		F57CABF31D26906C007201A2 /* Fight!UITests.xctest */ = {isa = PBXFileReference; explicitFileType = wrapper.cfbundle; includeInIndex = 0; path = "Fight!UITests.xctest"; sourceTree = BUILT_PRODUCTS_DIR; };
		F57CABF71D26906C007201A2 /* Fight_UITests.swift */ = {isa = PBXFileReference; lastKnownFileType = sourcecode.swift; path = Fight_UITests.swift; sourceTree = "<group>"; };
		F57CABF91D26906C007201A2 /* Info.plist */ = {isa = PBXFileReference; lastKnownFileType = text.plist.xml; path = Info.plist; sourceTree = "<group>"; };
/* End PBXFileReference section */

/* Begin PBXFrameworksBuildPhase section */
		F57CABD11D26906B007201A2 /* Frameworks */ = {
			isa = PBXFrameworksBuildPhase;
			buildActionMask = 2147483647;
			files = (
			);
			runOnlyForDeploymentPostprocessing = 0;
		};
		F57CABE51D26906C007201A2 /* Frameworks */ = {
			isa = PBXFrameworksBuildPhase;
			buildActionMask = 2147483647;
			files = (
			);
			runOnlyForDeploymentPostprocessing = 0;
		};
		F57CABF01D26906C007201A2 /* Frameworks */ = {
			isa = PBXFrameworksBuildPhase;
			buildActionMask = 2147483647;
			files = (
			);
			runOnlyForDeploymentPostprocessing = 0;
		};
/* End PBXFrameworksBuildPhase section */

/* Begin PBXGroup section */
		F57CABCB1D26906B007201A2 = {
			isa = PBXGroup;
			children = (
				F57CABD61D26906B007201A2 /* Fight! */,
				F57CABEB1D26906C007201A2 /* Fight!Tests */,
				F57CABF61D26906C007201A2 /* Fight!UITests */,
				F57CABD51D26906B007201A2 /* Products */,
			);
			sourceTree = "<group>";
		};
		F57CABD51D26906B007201A2 /* Products */ = {
			isa = PBXGroup;
			children = (
				F57CABD41D26906B007201A2 /* Fight!.app */,
				F57CABE81D26906C007201A2 /* Fight!Tests.xctest */,
				F57CABF31D26906C007201A2 /* Fight!UITests.xctest */,
			);
			name = Products;
			sourceTree = "<group>";
		};
		F57CABD61D26906B007201A2 /* Fight! */ = {
			isa = PBXGroup;
			children = (
				F57CABD71D26906B007201A2 /* AppDelegate.swift */,
				F57CABD91D26906B007201A2 /* ViewController.swift */,
				F57CABDB1D26906C007201A2 /* Main.storyboard */,
				F57CABDE1D26906C007201A2 /* Assets.xcassets */,
				F57CABE01D26906C007201A2 /* LaunchScreen.storyboard */,
				F57CABE31D26906C007201A2 /* Info.plist */,
			);
			path = "Fight!";
			sourceTree = "<group>";
		};
		F57CABEB1D26906C007201A2 /* Fight!Tests */ = {
			isa = PBXGroup;
			children = (
				F57CABEC1D26906C007201A2 /* Fight_Tests.swift */,
				F57CABEE1D26906C007201A2 /* Info.plist */,
			);
			path = "Fight!Tests";
			sourceTree = "<group>";
		};
		F57CABF61D26906C007201A2 /* Fight!UITests */ = {
			isa = PBXGroup;
			children = (
				F57CABF71D26906C007201A2 /* Fight_UITests.swift */,
				F57CABF91D26906C007201A2 /* Info.plist */,
			);
			path = "Fight!UITests";
			sourceTree = "<group>";
		};
/* End PBXGroup section */

/* Begin PBXNativeTarget section */
		F57CABD31D26906B007201A2 /* Fight! */ = {
			isa = PBXNativeTarget;
			buildConfigurationList = F57CABFC1D26906C007201A2 /* Build configuration list for PBXNativeTarget "Fight!" */;
			buildPhases = (
				F57CABD01D26906B007201A2 /* Sources */,
				F57CABD11D26906B007201A2 /* Frameworks */,
				F57CABD21D26906B007201A2 /* Resources */,
			);
			buildRules = (
			);
			dependencies = (
			);
			name = "Fight!";
			productName = "Fight!";
			productReference = F57CABD41D26906B007201A2 /* Fight!.app */;
			productType = "com.apple.product-type.application";
		};
		F57CABE71D26906C007201A2 /* Fight!Tests */ = {
			isa = PBXNativeTarget;
			buildConfigurationList = F57CABFF1D26906C007201A2 /* Build configuration list for PBXNativeTarget "Fight!Tests" */;
			buildPhases = (
				F57CABE41D26906C007201A2 /* Sources */,
				F57CABE51D26906C007201A2 /* Frameworks */,
				F57CABE61D26906C007201A2 /* Resources */,
			);
			buildRules = (
			);
			dependencies = (
				F57CABEA1D26906C007201A2 /* PBXTargetDependency */,
			);
			name = "Fight!Tests";
			productName = "Fight!Tests";
			productReference = F57CABE81D26906C007201A2 /* Fight!Tests.xctest */;
			productType = "com.apple.product-type.bundle.unit-test";
		};
		F57CABF21D26906C007201A2 /* Fight!UITests */ = {
			isa = PBXNativeTarget;
			buildConfigurationList = F57CAC021D26906C007201A2 /* Build configuration list for PBXNativeTarget "Fight!UITests" */;
			buildPhases = (
				F57CABEF1D26906C007201A2 /* Sources */,
				F57CABF01D26906C007201A2 /* Frameworks */,
				F57CABF11D26906C007201A2 /* Resources */,
			);
			buildRules = (
			);
			dependencies = (
				F57CABF51D26906C007201A2 /* PBXTargetDependency */,
			);
			name = "Fight!UITests";
			productName = "Fight!UITests";
			productReference = F57CABF31D26906C007201A2 /* Fight!UITests.xctest */;
			productType = "com.apple.product-type.bundle.ui-testing";
		};
/* End PBXNativeTarget section */

/* Begin PBXProject section */
		F57CABCC1D26906B007201A2 /* Project object */ = {
			isa = PBXProject;
			attributes = {
				LastSwiftUpdateCheck = 0730;
				LastUpgradeCheck = 0730;
				ORGANIZATIONNAME = "Saketh D";
				TargetAttributes = {
					F57CABD31D26906B007201A2 = {
						CreatedOnToolsVersion = 7.3.1;
					};
					F57CABE71D26906C007201A2 = {
						CreatedOnToolsVersion = 7.3.1;
						TestTargetID = F57CABD31D26906B007201A2;
					};
					F57CABF21D26906C007201A2 = {
						CreatedOnToolsVersion = 7.3.1;
						TestTargetID = F57CABD31D26906B007201A2;
					};
				};
			};
			buildConfigurationList = F57CABCF1D26906B007201A2 /* Build configuration list for PBXProject "Fight!" */;
			compatibilityVersion = "Xcode 3.2";
			developmentRegion = English;
			hasScannedForEncodings = 0;
			knownRegions = (
				en,
				Base,
			);
			mainGroup = F57CABCB1D26906B007201A2;
			productRefGroup = F57CABD51D26906B007201A2 /* Products */;
			projectDirPath = "";
			projectRoot = "";
			targets = (
				F57CABD31D26906B007201A2 /* Fight! */,
				F57CABE71D26906C007201A2 /* Fight!Tests */,
				F57CABF21D26906C007201A2 /* Fight!UITests */,
			);
		};
/* End PBXProject section */

/* Begin PBXResourcesBuildPhase section */
		F57CABD21D26906B007201A2 /* Resources */ = {
			isa = PBXResourcesBuildPhase;
			buildActionMask = 2147483647;
			files = (
				F57CABE21D26906C007201A2 /* LaunchScreen.storyboard in Resources */,
				F57CABDF1D26906C007201A2 /* Assets.xcassets in Resources */,
				F57CABDD1D26906C007201A2 /* Main.storyboard in Resources */,
			);
			runOnlyForDeploymentPostprocessing = 0;
		};
		F57CABE61D26906C007201A2 /* Resources */ = {
			isa = PBXResourcesBuildPhase;
			buildActionMask = 2147483647;
			files = (
			);
			runOnlyForDeploymentPostprocessing = 0;
		};
		F57CABF11D26906C007201A2 /* Resources */ = {
			isa = PBXResourcesBuildPhase;
			buildActionMask = 2147483647;
			files = (
			);
			runOnlyForDeploymentPostprocessing = 0;
		};
/* End PBXResourcesBuildPhase section */

/* Begin PBXSourcesBuildPhase section */
		F57CABD01D26906B007201A2 /* Sources */ = {
			isa = PBXSourcesBuildPhase;
			buildActionMask = 2147483647;
			files = (
				F57CABDA1D26906B007201A2 /* ViewController.swift in Sources */,
				F57CABD81D26906B007201A2 /* AppDelegate.swift in Sources */,
			);
			runOnlyForDeploymentPostprocessing = 0;
		};
		F57CABE41D26906C007201A2 /* Sources */ = {
			isa = PBXSourcesBuildPhase;
			buildActionMask = 2147483647;
			files = (
				F57CABED1D26906C007201A2 /* Fight_Tests.swift in Sources */,
			);
			runOnlyForDeploymentPostprocessing = 0;
		};
		F57CABEF1D26906C007201A2 /* Sources */ = {
			isa = PBXSourcesBuildPhase;
			buildActionMask = 2147483647;
			files = (
				F57CABF81D26906C007201A2 /* Fight_UITests.swift in Sources */,
			);
			runOnlyForDeploymentPostprocessing = 0;
		};
/* End PBXSourcesBuildPhase section */

/* Begin PBXTargetDependency section */
		F57CABEA1D26906C007201A2 /* PBXTargetDependency */ = {
			isa = PBXTargetDependency;
			target = F57CABD31D26906B007201A2 /* Fight! */;
			targetProxy = F57CABE91D26906C007201A2 /* PBXContainerItemProxy */;
		};
		F57CABF51D26906C007201A2 /* PBXTargetDependency */ = {
			isa = PBXTargetDependency;
			target = F57CABD31D26906B007201A2 /* Fight! */;
			targetProxy = F57CABF41D26906C007201A2 /* PBXContainerItemProxy */;
		};
/* End PBXTargetDependency section */

/* Begin PBXVariantGroup section */
		F57CABDB1D26906C007201A2 /* Main.storyboard */ = {
			isa = PBXVariantGroup;
			children = (
				F57CABDC1D26906C007201A2 /* Base */,
			);
			name = Main.storyboard;
			sourceTree = "<group>";
		};
		F57CABE01D26906C007201A2 /* LaunchScreen.storyboard */ = {
			isa = PBXVariantGroup;
			children = (
				F57CABE11D26906C007201A2 /* Base */,
			);
			name = LaunchScreen.storyboard;
			sourceTree = "<group>";
		};
/* End PBXVariantGroup section */

/* Begin XCBuildConfiguration section */
		F57CABFA1D26906C007201A2 /* Debug */ = {
			isa = XCBuildConfiguration;
			buildSettings = {
				ALWAYS_SEARCH_USER_PATHS = NO;
				CLANG_ANALYZER_NONNULL = YES;
				CLANG_CXX_LANGUAGE_STANDARD = "gnu++0x";
				CLANG_CXX_LIBRARY = "libc++";
				CLANG_ENABLE_MODULES = YES;
				CLANG_ENABLE_OBJC_ARC = YES;
				CLANG_WARN_BOOL_CONVERSION = YES;
				CLANG_WARN_CONSTANT_CONVERSION = YES;
				CLANG_WARN_DIRECT_OBJC_ISA_USAGE = YES_ERROR;
				CLANG_WARN_EMPTY_BODY = YES;
				CLANG_WARN_ENUM_CONVERSION = YES;
				CLANG_WARN_INT_CONVERSION = YES;
				CLANG_WARN_OBJC_ROOT_CLASS = YES_ERROR;
				CLANG_WARN_UNREACHABLE_CODE = YES;
				CLANG_WARN__DUPLICATE_METHOD_MATCH = YES;
				"CODE_SIGN_IDENTITY[sdk=iphoneos*]" = "iPhone Developer";
				COPY_PHASE_STRIP = NO;
				DEBUG_INFORMATION_FORMAT = dwarf;
				ENABLE_STRICT_OBJC_MSGSEND = YES;
				ENABLE_TESTABILITY = YES;
				GCC_C_LANGUAGE_STANDARD = gnu99;
				GCC_DYNAMIC_NO_PIC = NO;
				GCC_NO_COMMON_BLOCKS = YES;
				GCC_OPTIMIZATION_LEVEL = 0;
				GCC_PREPROCESSOR_DEFINITIONS = (
					"DEBUG=1",
					"$(inherited)",
				);
				GCC_WARN_64_TO_32_BIT_CONVERSION = YES;
				GCC_WARN_ABOUT_RETURN_TYPE = YES_ERROR;
				GCC_WARN_UNDECLARED_SELECTOR = YES;
				GCC_WARN_UNINITIALIZED_AUTOS = YES_AGGRESSIVE;
				GCC_WARN_UNUSED_FUNCTION = YES;
				GCC_WARN_UNUSED_VARIABLE = YES;
				IPHONEOS_DEPLOYMENT_TARGET = 9.3;
				MTL_ENABLE_DEBUG_INFO = YES;
				ONLY_ACTIVE_ARCH = YES;
				SDKROOT = iphoneos;
				SWIFT_OPTIMIZATION_LEVEL = "-Onone";
				TARGETED_DEVICE_FAMILY = "1,2";
			};
			name = Debug;
		};
		F57CABFB1D26906C007201A2 /* Release */ = {
			isa = XCBuildConfiguration;
			buildSettings = {
				ALWAYS_SEARCH_USER_PATHS = NO;
				CLANG_ANALYZER_NONNULL = YES;
				CLANG_CXX_LANGUAGE_STANDARD = "gnu++0x";
				CLANG_CXX_LIBRARY = "libc++";
				CLANG_ENABLE_MODULES = YES;
				CLANG_ENABLE_OBJC_ARC = YES;
				CLANG_WARN_BOOL_CONVERSION = YES;
				CLANG_WARN_CONSTANT_CONVERSION = YES;
				CLANG_WARN_DIRECT_OBJC_ISA_USAGE = YES_ERROR;
				CLANG_WARN_EMPTY_BODY = YES;
				CLANG_WARN_ENUM_CONVERSION = YES;
				CLANG_WARN_INT_CONVERSION = YES;
				CLANG_WARN_OBJC_ROOT_CLASS = YES_ERROR;
				CLANG_WARN_UNREACHABLE_CODE = YES;
				CLANG_WARN__DUPLICATE_METHOD_MATCH = YES;
				"CODE_SIGN_IDENTITY[sdk=iphoneos*]" = "iPhone Developer";
				COPY_PHASE_STRIP = NO;
				DEBUG_INFORMATION_FORMAT = "dwarf-with-dsym";
				ENABLE_NS_ASSERTIONS = NO;
				ENABLE_STRICT_OBJC_MSGSEND = YES;
				GCC_C_LANGUAGE_STANDARD = gnu99;
				GCC_NO_COMMON_BLOCKS = YES;
				GCC_WARN_64_TO_32_BIT_CONVERSION = YES;
				GCC_WARN_ABOUT_RETURN_TYPE = YES_ERROR;
				GCC_WARN_UNDECLARED_SELECTOR = YES;
				GCC_WARN_UNINITIALIZED_AUTOS = YES_AGGRESSIVE;
				GCC_WARN_UNUSED_FUNCTION = YES;
				GCC_WARN_UNUSED_VARIABLE = YES;
				IPHONEOS_DEPLOYMENT_TARGET = 9.3;
				MTL_ENABLE_DEBUG_INFO = NO;
				SDKROOT = iphoneos;
				TARGETED_DEVICE_FAMILY = "1,2";
				VALIDATE_PRODUCT = YES;
			};
			name = Release;
		};
		F57CABFD1D26906C007201A2 /* Debug */ = {
			isa = XCBuildConfiguration;
			buildSettings = {
				ASSETCATALOG_COMPILER_APPICON_NAME = AppIcon;
				INFOPLIST_FILE = "Fight!/Info.plist";
				LD_RUNPATH_SEARCH_PATHS = "$(inherited) @executable_path/Frameworks";
				PRODUCT_BUNDLE_IDENTIFIER = "Code.Fight-";
				PRODUCT_NAME = "$(TARGET_NAME)";
			};
			name = Debug;
		};
		F57CABFE1D26906C007201A2 /* Release */ = {
			isa = XCBuildConfiguration;
			buildSettings = {
				ASSETCATALOG_COMPILER_APPICON_NAME = AppIcon;
				INFOPLIST_FILE = "Fight!/Info.plist";
				LD_RUNPATH_SEARCH_PATHS = "$(inherited) @executable_path/Frameworks";
				PRODUCT_BUNDLE_IDENTIFIER = "Code.Fight-";
				PRODUCT_NAME = "$(TARGET_NAME)";
			};
			name = Release;
		};
		F57CAC001D26906C007201A2 /* Debug */ = {
			isa = XCBuildConfiguration;
			buildSettings = {
				BUNDLE_LOADER = "$(TEST_HOST)";
				INFOPLIST_FILE = "Fight!Tests/Info.plist";
				LD_RUNPATH_SEARCH_PATHS = "$(inherited) @executable_path/Frameworks @loader_path/Frameworks";
				PRODUCT_BUNDLE_IDENTIFIER = "Code.Fight-Tests";
				PRODUCT_NAME = "$(TARGET_NAME)";
				TEST_HOST = "$(BUILT_PRODUCTS_DIR)/Fight!.app/Fight!";
			};
			name = Debug;
		};
		F57CAC011D26906C007201A2 /* Release */ = {
			isa = XCBuildConfiguration;
			buildSettings = {
				BUNDLE_LOADER = "$(TEST_HOST)";
				INFOPLIST_FILE = "Fight!Tests/Info.plist";
				LD_RUNPATH_SEARCH_PATHS = "$(inherited) @executable_path/Frameworks @loader_path/Frameworks";
				PRODUCT_BUNDLE_IDENTIFIER = "Code.Fight-Tests";
				PRODUCT_NAME = "$(TARGET_NAME)";
				TEST_HOST = "$(BUILT_PRODUCTS_DIR)/Fight!.app/Fight!";
			};
			name = Release;
		};
		F57CAC031D26906C007201A2 /* Debug */ = {
			isa = XCBuildConfiguration;
			buildSettings = {
				INFOPLIST_FILE = "Fight!UITests/Info.plist";
				LD_RUNPATH_SEARCH_PATHS = "$(inherited) @executable_path/Frameworks @loader_path/Frameworks";
				PRODUCT_BUNDLE_IDENTIFIER = "Code.Fight-UITests";
				PRODUCT_NAME = "$(TARGET_NAME)";
				TEST_TARGET_NAME = "Fight!";
			};
			name = Debug;
		};
		F57CAC041D26906C007201A2 /* Release */ = {
			isa = XCBuildConfiguration;
			buildSettings = {
				INFOPLIST_FILE = "Fight!UITests/Info.plist";
				LD_RUNPATH_SEARCH_PATHS = "$(inherited) @executable_path/Frameworks @loader_path/Frameworks";
				PRODUCT_BUNDLE_IDENTIFIER = "Code.Fight-UITests";
				PRODUCT_NAME = "$(TARGET_NAME)";
				TEST_TARGET_NAME = "Fight!";
			};
			name = Release;
		};
/* End XCBuildConfiguration section */

/* Begin XCConfigurationList section */
		F57CABCF1D26906B007201A2 /* Build configuration list for PBXProject "Fight!" */ = {
			isa = XCConfigurationList;
			buildConfigurations = (
				F57CABFA1D26906C007201A2 /* Debug */,
				F57CABFB1D26906C007201A2 /* Release */,
			);
			defaultConfigurationIsVisible = 0;
			defaultConfigurationName = Release;
		};
		F57CABFC1D26906C007201A2 /* Build configuration list for PBXNativeTarget "Fight!" */ = {
			isa = XCConfigurationList;
			buildConfigurations = (
				F57CABFD1D26906C007201A2 /* Debug */,
				F57CABFE1D26906C007201A2 /* Release */,
			);
			defaultConfigurationIsVisible = 0;
		};
		F57CABFF1D26906C007201A2 /* Build configuration list for PBXNativeTarget "Fight!Tests" */ = {
			isa = XCConfigurationList;
			buildConfigurations = (
				F57CAC001D26906C007201A2 /* Debug */,
				F57CAC011D26906C007201A2 /* Release */,
			);
			defaultConfigurationIsVisible = 0;
		};
		F57CAC021D26906C007201A2 /* Build configuration list for PBXNativeTarget "Fight!UITests" */ = {
			isa = XCConfigurationList;
			buildConfigurations = (
				F57CAC031D26906C007201A2 /* Debug */,
				F57CAC041D26906C007201A2 /* Release */,
			);
			defaultConfigurationIsVisible = 0;
		};
/* End XCConfigurationList section */
	};
	rootObject = F57CABCC1D26906B007201A2 /* Project object */;
}
